Microsoft Visual Studio Solution File, Format Version 11.00
# Visual Studio 2008

Project("{4BEFB473-BB3C-136B-C943-846A2009FBA0}") = "ShootTheMoon2F", "Assembly-UnityScript-firstpass.unityproj", "{305401B8-0804-4273-1437-DBD1DFD07DB5}"
EndProject
Project("{4BEFB473-BB3C-136B-C943-846A2009FBA0}") = "ShootTheMoon2F", "Assembly-UnityScript.unityproj", "{751E73EE-778C-B912-0026-0CCB60E6AFF6}"
EndProject
Global
	GlobalSection(SolutionConfigurationPlatforms) = preSolution
		Debug|Any CPU = Debug|Any CPU
		Release|Any CPU = Release|Any CPU
	EndGlobalSection
	GlobalSection(ProjectConfigurationPlatforms) = postSolution
		{305401B8-0804-4273-1437-DBD1DFD07DB5}.Debug|Any CPU.ActiveCfg = Debug|Any CPU
		{305401B8-0804-4273-1437-DBD1DFD07DB5}.Debug|Any CPU.Build.0 = Debug|Any CPU
		{305401B8-0804-4273-1437-DBD1DFD07DB5}.Release|Any CPU.ActiveCfg = Release|Any CPU
		{305401B8-0804-4273-1437-DBD1DFD07DB5}.Release|Any CPU.Build.0 = Release|Any CPU
		{751E73EE-778C-B912-0026-0CCB60E6AFF6}.Debug|Any CPU.ActiveCfg = Debug|Any CPU
		{751E73EE-778C-B912-0026-0CCB60E6AFF6}.Debug|Any CPU.Build.0 = Debug|Any CPU
		{751E73EE-778C-B912-0026-0CCB60E6AFF6}.Release|Any CPU.ActiveCfg = Release|Any CPU
		{751E73EE-778C-B912-0026-0CCB60E6AFF6}.Release|Any CPU.Build.0 = Release|Any CPU
	EndGlobalSection
	GlobalSection(SolutionProperties) = preSolution
		HideSolutionNode = FALSE
	EndGlobalSection
			GlobalSection(MonoDevelopProperties) = preSolution
		StartupItem = Assembly-CSharp.csproj
		Policies = $0
		$0.TextStylePolicy = $1
		$1.inheritsSet = null
		$1.scope = text/x-csharp
		$0.CSharpFormattingPolicy = $2
		$2.inheritsSet = Mono
		$2.inheritsScope = text/x-csharp
		$2.scope = text/x-csharp
		$0.TextStylePolicy = $3
		$3.FileWidth = 120
		$3.TabWidth = 4
		$3.EolMarker = Unix
		$3.inheritsSet = Mono
		$3.inheritsScope = text/plain
		$3.scope = text/plain
	EndGlobalSection

EndGlobal
